
Microsoft Visual Studio Solution File, Format Version 12.00
# Visual Studio Version 16
VisualStudioVersion = 16.0.30225.117
MinimumVisualStudioVersion = 10.0.40219.1
Project("{FAE04EC0-301F-11D3-BF4B-00C04F79EFBC}") = "inClass9", "inClass9\inClass9.csproj", "{4CE166BE-AD2C-4640-90BA-76CB31BB53FD}"
EndProject
Global
	GlobalSection(SolutionConfigurationPlatforms) = preSolution
		Debug|Any CPU = Debug|Any CPU
		Release|Any CPU = Release|Any CPU
	EndGlobalSection
	GlobalSection(ProjectConfigurationPlatforms) = postSolution
		{4CE166BE-AD2C-4640-90BA-76CB31BB53FD}.Debug|Any CPU.ActiveCfg = Debug|Any CPU
		{4CE166BE-AD2C-4640-90BA-76CB31BB53FD}.Debug|Any CPU.Build.0 = Debug|Any CPU
		{4CE166BE-AD2C-4640-90BA-76CB31BB53FD}.Release|Any CPU.ActiveCfg = Release|Any CPU
		{4CE166BE-AD2C-4640-90BA-76CB31BB53FD}.Release|Any CPU.Build.0 = Release|Any CPU
	EndGlobalSection
	GlobalSection(SolutionProperties) = preSolution
		HideSolutionNode = FALSE
	EndGlobalSection
	GlobalSection(ExtensibilityGlobals) = postSolution
		SolutionGuid = {7A39ED2C-8BF4-4270-9E75-C5C50300D0B5}
	EndGlobalSection
EndGlobal
